
Microsoft Visual Studio Solution File, Format Version 12.00
# Visual Studio 15
VisualStudioVersion = 15.0.28307.572
MinimumVisualStudioVersion = 10.0.40219.1
Project("{FAE04EC0-301F-11D3-BF4B-00C04F79EFBC}") = "LiveChartApp", "LiveChartApp\LiveChartApp.csproj", "{92E30C55-65E0-4287-BB94-9C92E305126E}"
EndProject
Global
	GlobalSection(SolutionConfigurationPlatforms) = preSolution
		Debug|Any CPU = Debug|Any CPU
		Release|Any CPU = Release|Any CPU
	EndGlobalSection
	GlobalSection(ProjectConfigurationPlatforms) = postSolution
		{92E30C55-65E0-4287-BB94-9C92E305126E}.Debug|Any CPU.ActiveCfg = Debug|Any CPU
		{92E30C55-65E0-4287-BB94-9C92E305126E}.Debug|Any CPU.Build.0 = Debug|Any CPU
		{92E30C55-65E0-4287-BB94-9C92E305126E}.Release|Any CPU.ActiveCfg = Release|Any CPU
		{92E30C55-65E0-4287-BB94-9C92E305126E}.Release|Any CPU.Build.0 = Release|Any CPU
	EndGlobalSection
	GlobalSection(SolutionProperties) = preSolution
		HideSolutionNode = FALSE
	EndGlobalSection
	GlobalSection(ExtensibilityGlobals) = postSolution
		SolutionGuid = {43CC5134-F6E1-4BD7-903D-444A754F4DE9}
	EndGlobalSection
EndGlobal
